
Microsoft Visual Studio Solution File, Format Version 12.00
# Visual Studio Version 17
VisualStudioVersion = 17.7.34221.43
MinimumVisualStudioVersion = 10.0.40219.1
Project("{FAE04EC0-301F-11D3-BF4B-00C04F79EFBC}") = "MagazineManager", "MagazineManager\MagazineManager.csproj", "{E68FF1D3-3D4F-478A-8ED8-05143EE82364}"
EndProject
Project("{2150E333-8FDC-42A3-9474-1A3956D46DE8}") = "Solution Items", "Solution Items", "{F671C7DC-0E2F-4637-9A98-F932F31C2630}"
EndProject
Global
	GlobalSection(SolutionConfigurationPlatforms) = preSolution
		Debug|Any CPU = Debug|Any CPU
		Release|Any CPU = Release|Any CPU
	EndGlobalSection
	GlobalSection(ProjectConfigurationPlatforms) = postSolution
		{E68FF1D3-3D4F-478A-8ED8-05143EE82364}.Debug|Any CPU.ActiveCfg = Debug|Any CPU
		{E68FF1D3-3D4F-478A-8ED8-05143EE82364}.Debug|Any CPU.Build.0 = Debug|Any CPU
		{E68FF1D3-3D4F-478A-8ED8-05143EE82364}.Release|Any CPU.ActiveCfg = Release|Any CPU
		{E68FF1D3-3D4F-478A-8ED8-05143EE82364}.Release|Any CPU.Build.0 = Release|Any CPU
	EndGlobalSection
	GlobalSection(SolutionProperties) = preSolution
		HideSolutionNode = FALSE
	EndGlobalSection
	GlobalSection(ExtensibilityGlobals) = postSolution
		SolutionGuid = {4675249A-437B-43D4-B7B9-E51875B3DFAF}
	EndGlobalSection
EndGlobal
